
Microsoft Visual Studio Solution File, Format Version 12.00
# Visual Studio Version 16
VisualStudioVersion = 16.0.29020.237
MinimumVisualStudioVersion = 10.0.40219.1
Project("{FAE04EC0-301F-11D3-BF4B-00C04F79EFBC}") = "Quick.Dominio", "Quick.Dominio\Quick.Dominio.csproj", "{C76241CC-796C-4B01-AC72-4F149DA57B64}"
EndProject
Project("{FAE04EC0-301F-11D3-BF4B-00C04F79EFBC}") = "Quick.Repositorio", "Quick.Repositorio\Quick.Repositorio.csproj", "{EEF583F9-37E3-4AB6-8AE7-315118454396}"
EndProject
Project("{FAE04EC0-301F-11D3-BF4B-00C04F79EFBC}") = "QuickBuy.Web", "QuickBuy.Web\QuickBuy.Web.csproj", "{579B5F25-9527-4F7B-AEF1-FF69803388C0}"
EndProject
Global
	GlobalSection(SolutionConfigurationPlatforms) = preSolution
		Debug|Any CPU = Debug|Any CPU
		Release|Any CPU = Release|Any CPU
	EndGlobalSection
	GlobalSection(ProjectConfigurationPlatforms) = postSolution
		{C76241CC-796C-4B01-AC72-4F149DA57B64}.Debug|Any CPU.ActiveCfg = Debug|Any CPU
		{C76241CC-796C-4B01-AC72-4F149DA57B64}.Debug|Any CPU.Build.0 = Debug|Any CPU
		{C76241CC-796C-4B01-AC72-4F149DA57B64}.Release|Any CPU.ActiveCfg = Release|Any CPU
		{C76241CC-796C-4B01-AC72-4F149DA57B64}.Release|Any CPU.Build.0 = Release|Any CPU
		{EEF583F9-37E3-4AB6-8AE7-315118454396}.Debug|Any CPU.ActiveCfg = Debug|Any CPU
		{EEF583F9-37E3-4AB6-8AE7-315118454396}.Debug|Any CPU.Build.0 = Debug|Any CPU
		{EEF583F9-37E3-4AB6-8AE7-315118454396}.Release|Any CPU.ActiveCfg = Release|Any CPU
		{EEF583F9-37E3-4AB6-8AE7-315118454396}.Release|Any CPU.Build.0 = Release|Any CPU
		{579B5F25-9527-4F7B-AEF1-FF69803388C0}.Debug|Any CPU.ActiveCfg = Debug|Any CPU
		{579B5F25-9527-4F7B-AEF1-FF69803388C0}.Debug|Any CPU.Build.0 = Debug|Any CPU
		{579B5F25-9527-4F7B-AEF1-FF69803388C0}.Release|Any CPU.ActiveCfg = Release|Any CPU
		{579B5F25-9527-4F7B-AEF1-FF69803388C0}.Release|Any CPU.Build.0 = Release|Any CPU
	EndGlobalSection
	GlobalSection(SolutionProperties) = preSolution
		HideSolutionNode = FALSE
	EndGlobalSection
	GlobalSection(ExtensibilityGlobals) = postSolution
		SolutionGuid = {E81C1916-7CE0-4F4D-B13B-072A00648BFD}
	EndGlobalSection
EndGlobal
